dependencies:
- name: kibana
  repository: https://charts.bitnami.com/bitnami
  version: 5.1.3
- name: fluentd
  repository: https://charts.bitnami.com/bitnami
  version: 1.2.0
- name: metricbeat
  repository: https://helm.elastic.co
  version: 7.6.2
digest: sha256:5467a1c932c3f2f209085c701119d1307a1a9563e4ce39be5cee046af8d9895a
generated: "2020-05-23T21:18:47.113580748+02:00"
