dependencies:
- name: kibana
  repository: https://charts.bitnami.com/bitnami
  version: 5.1.3
- name: fluentd
  repository: https://charts.bitnami.com/bitnami
  version: 1.2.0
digest: sha256:38ff3a1b0565be43efb3498fa25c81a47486f0a0a01262a71a650548ac4d037e
generated: "2020-05-23T19:39:26.901424061+02:00"
